<?xml version="1.0" encoding="utf-8"?>
<Project ToolsVersion="4.0" xmlns="http://schemas.microsoft.com/developer/msbuild/2003">
  <ItemGroup>
    <Filter Include="Source Files">
      <UniqueIdentifier>{4FC737F1-C7A5-4376-A066-2A32D752A2FF}</UniqueIdentifier>
      <Extensions>cpp;c;cc;cxx;c++;cppm;ixx;def;odl;idl;hpj;bat;asm;asmx</Extensions>
    </Filter>
    <Filter Include="Header Files">
      <UniqueIdentifier>{93995380-89BD-4b04-88EB-625FBE52EBFB}</UniqueIdentifier>
      <Extensions>h;hh;hpp;hxx;h++;hm;inl;inc;ipp;xsd</Extensions>
    </Filter>
    <Filter Include="Resource Files">
      <UniqueIdentifier>{67DA6AB6-F800-4c08-8B7A-83BB121AAD01}</UniqueIdentifier>
      <Extensions>rc;ico;cur;bmp;dlg;rc2;rct;bin;rgs;gif;jpg;jpeg;jpe;resx;tiff;tif;png;wav;mfcribbon-ms</Extensions>
    </Filter>
    <Filter Include="TurboFrog">
      <UniqueIdentifier>{e3e68e59-54cc-46a0-9942-1daaf9f22388}</UniqueIdentifier>
    </Filter>
    <Filter Include="TurobBee">
      <UniqueIdentifier>{cef59501-48f3-424a-852f-628029a7a93c}</UniqueIdentifier>
    </Filter>
    <Filter Include="Football">
      <UniqueIdentifier>{7e328617-bac7-46aa-bca9-2cdb0c554562}</UniqueIdentifier>
    </Filter>
  </ItemGroup>
  <ItemGroup>
    <ClCompile Include="main.cpp">
      <Filter>Source Files</Filter>
    </ClCompile>
    <ClCompile Include="Game.cpp">
      <Filter>Source Files</Filter>
    </ClCompile>
    <ClCompile Include="Player.cpp">
      <Filter>Source Files</Filter>
    </ClCompile>
    <ClCompile Include="TurboFrogGame.cpp">
      <Filter>TurboFrog</Filter>
    </ClCompile>
    <ClCompile Include="TurboFrogPlayer.cpp">
      <Filter>TurboFrog</Filter>
    </ClCompile>
    <ClCompile Include="TurboFrogPlayerRandom.cpp">
      <Filter>TurboFrog</Filter>
    </ClCompile>
    <ClCompile Include="Printer.cpp">
      <Filter>Source Files</Filter>
    </ClCompile>
    <ClCompile Include="TurboFrogPlayerGreedy.cpp">
      <Filter>TurboFrog</Filter>
    </ClCompile>
    <ClCompile Include="TurboFrogPlayerShy.cpp">
      <Filter>TurboFrog</Filter>
    </ClCompile>
    <ClCompile Include="TurboFrogPlayerBigFish.cpp">
      <Filter>TurboFrog</Filter>
    </ClCompile>
    <ClCompile Include="TurboFrogPlayerBigFishSmart.cpp">
      <Filter>TurboFrog</Filter>
    </ClCompile>
    <ClCompile Include="TurboBeeGame.cpp">
      <Filter>TurobBee</Filter>
    </ClCompile>
    <ClCompile Include="TurboBeePlayer.cpp">
      <Filter>TurobBee</Filter>
    </ClCompile>
    <ClCompile Include="TurboBeePlayerGreedy.cpp">
      <Filter>TurobBee</Filter>
    </ClCompile>
    <ClCompile Include="TurboBeePlayerSmart.cpp">
      <Filter>TurobBee</Filter>
    </ClCompile>
    <ClCompile Include="FootballGame.cpp">
      <Filter>Football</Filter>
    </ClCompile>
    <ClCompile Include="FootballPlayer.cpp">
      <Filter>Football</Filter>
    </ClCompile>
    <ClCompile Include="FootballPlayer_Team1.cpp">
      <Filter>Football</Filter>
    </ClCompile>
    <ClCompile Include="FootballPlayer_Team2.cpp">
      <Filter>Football</Filter>
    </ClCompile>
    <ClCompile Include="FootballPlayer_Team3.cpp">
      <Filter>Football</Filter>
    </ClCompile>
    <ClCompile Include="FootballPlayer_Team4.cpp">
      <Filter>Football</Filter>
    </ClCompile>
    <ClCompile Include="FootballPlayer_Team_TEMPLATE.cpp">
      <Filter>Football</Filter>
    </ClCompile>
  </ItemGroup>
  <ItemGroup>
    <ClInclude Include="Game.h">
      <Filter>Header Files</Filter>
    </ClInclude>
    <ClInclude Include="Player.h">
      <Filter>Header Files</Filter>
    </ClInclude>
    <ClInclude Include="TurboFrogGame.h">
      <Filter>TurboFrog</Filter>
    </ClInclude>
    <ClInclude Include="TurboFrogPlayer.h">
      <Filter>TurboFrog</Filter>
    </ClInclude>
    <ClInclude Include="TurboFrogPlayerRandom.h">
      <Filter>TurboFrog</Filter>
    </ClInclude>
    <ClInclude Include="Printer.h">
      <Filter>Header Files</Filter>
    </ClInclude>
    <ClInclude Include="TurboFrogPlayerGreedy.h">
      <Filter>TurboFrog</Filter>
    </ClInclude>
    <ClInclude Include="TurboFrogPlayerShy.h">
      <Filter>TurboFrog</Filter>
    </ClInclude>
    <ClInclude Include="TurboFrogPlayerBigFish.h">
      <Filter>TurboFrog</Filter>
    </ClInclude>
    <ClInclude Include="TurboFrogPlayerBigFishSmart.h">
      <Filter>TurboFrog</Filter>
    </ClInclude>
    <ClInclude Include="TurboBeeGame.h">
      <Filter>TurobBee</Filter>
    </ClInclude>
    <ClInclude Include="TurboBeePlayer.h">
      <Filter>TurobBee</Filter>
    </ClInclude>
    <ClInclude Include="TurboBeePlayerGreedy.h">
      <Filter>TurobBee</Filter>
    </ClInclude>
    <ClInclude Include="TurboBeePlayerSmart.h">
      <Filter>TurobBee</Filter>
    </ClInclude>
    <ClInclude Include="FootballGame.h">
      <Filter>Football</Filter>
    </ClInclude>
    <ClInclude Include="FootballPlayer.h">
      <Filter>Football</Filter>
    </ClInclude>
    <ClInclude Include="FootballPlayer_Team1.h">
      <Filter>Football</Filter>
    </ClInclude>
    <ClInclude Include="Music.h">
      <Filter>Football</Filter>
    </ClInclude>
    <ClInclude Include="FootballPlayer_Team2.h">
      <Filter>Football</Filter>
    </ClInclude>
    <ClInclude Include="FootballPlayer_Team3.h">
      <Filter>Football</Filter>
    </ClInclude>
    <ClInclude Include="FootballPlayer_Team4.h">
      <Filter>Football</Filter>
    </ClInclude>
    <ClInclude Include="FootballPlayer_Team_TEMPLATE.h">
      <Filter>Football</Filter>
    </ClInclude>
  </ItemGroup>
</Project>